
Microsoft Visual Studio Solution File, Format Version 12.00
Project("{FAE04EC0-301F-11D3-BF4B-00C04F79EFBC}") = "CellularAutomata", "CellularAutomata\CellularAutomata.csproj", "{CC6A2FF6-C74D-4F8A-801A-F1324383D1CE}"
EndProject
Project("{FAE04EC0-301F-11D3-BF4B-00C04F79EFBC}") = "CellularAutomata.Tests", "..\..\tests\CellularAutomata.Tests\CellularAutomata.Tests.csproj", "{9AC536D7-FDD1-4219-B920-48F76DE1561F}"
EndProject
Global
	GlobalSection(SolutionConfigurationPlatforms) = preSolution
		Debug|Any CPU = Debug|Any CPU
		Release|Any CPU = Release|Any CPU
	EndGlobalSection
	GlobalSection(ProjectConfigurationPlatforms) = postSolution
		{CC6A2FF6-C74D-4F8A-801A-F1324383D1CE}.Debug|Any CPU.ActiveCfg = Debug|Any CPU
		{CC6A2FF6-C74D-4F8A-801A-F1324383D1CE}.Debug|Any CPU.Build.0 = Debug|Any CPU
		{CC6A2FF6-C74D-4F8A-801A-F1324383D1CE}.Release|Any CPU.ActiveCfg = Release|Any CPU
		{CC6A2FF6-C74D-4F8A-801A-F1324383D1CE}.Release|Any CPU.Build.0 = Release|Any CPU
		{9AC536D7-FDD1-4219-B920-48F76DE1561F}.Debug|Any CPU.ActiveCfg = Debug|Any CPU
		{9AC536D7-FDD1-4219-B920-48F76DE1561F}.Debug|Any CPU.Build.0 = Debug|Any CPU
		{9AC536D7-FDD1-4219-B920-48F76DE1561F}.Release|Any CPU.ActiveCfg = Release|Any CPU
		{9AC536D7-FDD1-4219-B920-48F76DE1561F}.Release|Any CPU.Build.0 = Release|Any CPU
	EndGlobalSection
EndGlobal
